
Microsoft Visual Studio Solution File, Format Version 12.00
# Visual Studio Version 16
VisualStudioVersion = 16.0.30523.141
MinimumVisualStudioVersion = 10.0.40219.1
Project("{8BC9CEB8-8B4A-11D0-8D11-00A0C91BC942}") = "ADS_Revision_Exercises", "ADS_Revision_Exercises\ADS_Revision_Exercises.vcxproj", "{78335107-D8BD-4004-BA2E-933D8D919956}"
EndProject
Project("{8BC9CEB8-8B4A-11D0-8D11-00A0C91BC942}") = "RevisionExercisesTests", "RevisionExercisesTests\RevisionExercisesTests.vcxproj", "{639BB7CC-E0D8-4C82-9D86-851A9532F409}"
EndProject
Global
	GlobalSection(SolutionConfigurationPlatforms) = preSolution
		Debug|x64 = Debug|x64
		Debug|x86 = Debug|x86
		Release|x64 = Release|x64
		Release|x86 = Release|x86
	EndGlobalSection
	GlobalSection(ProjectConfigurationPlatforms) = postSolution
		{78335107-D8BD-4004-BA2E-933D8D919956}.Debug|x64.ActiveCfg = Debug|x64
		{78335107-D8BD-4004-BA2E-933D8D919956}.Debug|x64.Build.0 = Debug|x64
		{78335107-D8BD-4004-BA2E-933D8D919956}.Debug|x86.ActiveCfg = Debug|Win32
		{78335107-D8BD-4004-BA2E-933D8D919956}.Debug|x86.Build.0 = Debug|Win32
		{78335107-D8BD-4004-BA2E-933D8D919956}.Release|x64.ActiveCfg = Release|x64
		{78335107-D8BD-4004-BA2E-933D8D919956}.Release|x64.Build.0 = Release|x64
		{78335107-D8BD-4004-BA2E-933D8D919956}.Release|x86.ActiveCfg = Release|Win32
		{78335107-D8BD-4004-BA2E-933D8D919956}.Release|x86.Build.0 = Release|Win32
		{639BB7CC-E0D8-4C82-9D86-851A9532F409}.Debug|x64.ActiveCfg = Debug|x64
		{639BB7CC-E0D8-4C82-9D86-851A9532F409}.Debug|x64.Build.0 = Debug|x64
		{639BB7CC-E0D8-4C82-9D86-851A9532F409}.Debug|x86.ActiveCfg = Debug|Win32
		{639BB7CC-E0D8-4C82-9D86-851A9532F409}.Debug|x86.Build.0 = Debug|Win32
		{639BB7CC-E0D8-4C82-9D86-851A9532F409}.Release|x64.ActiveCfg = Release|x64
		{639BB7CC-E0D8-4C82-9D86-851A9532F409}.Release|x64.Build.0 = Release|x64
		{639BB7CC-E0D8-4C82-9D86-851A9532F409}.Release|x86.ActiveCfg = Release|Win32
		{639BB7CC-E0D8-4C82-9D86-851A9532F409}.Release|x86.Build.0 = Release|Win32
	EndGlobalSection
	GlobalSection(SolutionProperties) = preSolution
		HideSolutionNode = FALSE
	EndGlobalSection
	GlobalSection(ExtensibilityGlobals) = postSolution
		SolutionGuid = {973883AF-CA79-4D49-9676-9C8443AB1A73}
	EndGlobalSection
EndGlobal
